
Microsoft Visual Studio Solution File, Format Version 12.00
# Visual Studio Version 17
VisualStudioVersion = 17.5.002.0
MinimumVisualStudioVersion = 10.0.40219.1
Project("{9A19103F-16F7-4668-BE54-9A1E7A4F7556}") = "lucktxt", "lucktxt.csproj", "{B633D6E2-B881-4584-917B-1F428B0E8613}"
EndProject
Global
	GlobalSection(SolutionConfigurationPlatforms) = preSolution
		Debug|Any CPU = Debug|Any CPU
		Release|Any CPU = Release|Any CPU
	EndGlobalSection
	GlobalSection(ProjectConfigurationPlatforms) = postSolution
		{B633D6E2-B881-4584-917B-1F428B0E8613}.Debug|Any CPU.ActiveCfg = Debug|Any CPU
		{B633D6E2-B881-4584-917B-1F428B0E8613}.Debug|Any CPU.Build.0 = Debug|Any CPU
		{B633D6E2-B881-4584-917B-1F428B0E8613}.Release|Any CPU.ActiveCfg = Release|Any CPU
		{B633D6E2-B881-4584-917B-1F428B0E8613}.Release|Any CPU.Build.0 = Release|Any CPU
	EndGlobalSection
	GlobalSection(SolutionProperties) = preSolution
		HideSolutionNode = FALSE
	EndGlobalSection
	GlobalSection(ExtensibilityGlobals) = postSolution
		SolutionGuid = {1C0D1EC1-B2C9-4D0F-83BF-2507274E41E9}
	EndGlobalSection
EndGlobal
